
Microsoft Visual Studio Solution File, Format Version 12.00
# Visual Studio Version 17
VisualStudioVersion = 17.11.35303.130
MinimumVisualStudioVersion = 10.0.40219.1
Project("{FAE04EC0-301F-11D3-BF4B-00C04F79EFBC}") = "Infrastructure.Server.Api", "Infrastructure.Server.Api\Infrastructure.Server.Api.csproj", "{9ACDD1C5-9207-4D99-993C-E450B95B18AB}"
EndProject
Project("{FAE04EC0-301F-11D3-BF4B-00C04F79EFBC}") = "DataAccess", "DataAccess\DataAccess.csproj", "{D3E0FDFD-6CB8-4B90-8C5B-E1EA89C5C5C6}"
EndProject
Project("{FAE04EC0-301F-11D3-BF4B-00C04F79EFBC}") = "Application", "Application\Application.csproj", "{3F715AB6-4AA2-4C55-A043-6169AE3B453B}"
EndProject
Global
	GlobalSection(SolutionConfigurationPlatforms) = preSolution
		Debug|Any CPU = Debug|Any CPU
		Release|Any CPU = Release|Any CPU
	EndGlobalSection
	GlobalSection(ProjectConfigurationPlatforms) = postSolution
		{9ACDD1C5-9207-4D99-993C-E450B95B18AB}.Debug|Any CPU.ActiveCfg = Debug|Any CPU
		{9ACDD1C5-9207-4D99-993C-E450B95B18AB}.Debug|Any CPU.Build.0 = Debug|Any CPU
		{9ACDD1C5-9207-4D99-993C-E450B95B18AB}.Release|Any CPU.ActiveCfg = Release|Any CPU
		{9ACDD1C5-9207-4D99-993C-E450B95B18AB}.Release|Any CPU.Build.0 = Release|Any CPU
		{D3E0FDFD-6CB8-4B90-8C5B-E1EA89C5C5C6}.Debug|Any CPU.ActiveCfg = Debug|Any CPU
		{D3E0FDFD-6CB8-4B90-8C5B-E1EA89C5C5C6}.Debug|Any CPU.Build.0 = Debug|Any CPU
		{D3E0FDFD-6CB8-4B90-8C5B-E1EA89C5C5C6}.Release|Any CPU.ActiveCfg = Release|Any CPU
		{D3E0FDFD-6CB8-4B90-8C5B-E1EA89C5C5C6}.Release|Any CPU.Build.0 = Release|Any CPU
		{3F715AB6-4AA2-4C55-A043-6169AE3B453B}.Debug|Any CPU.ActiveCfg = Debug|Any CPU
		{3F715AB6-4AA2-4C55-A043-6169AE3B453B}.Debug|Any CPU.Build.0 = Debug|Any CPU
		{3F715AB6-4AA2-4C55-A043-6169AE3B453B}.Release|Any CPU.ActiveCfg = Release|Any CPU
		{3F715AB6-4AA2-4C55-A043-6169AE3B453B}.Release|Any CPU.Build.0 = Release|Any CPU
	EndGlobalSection
	GlobalSection(SolutionProperties) = preSolution
		HideSolutionNode = FALSE
	EndGlobalSection
	GlobalSection(ExtensibilityGlobals) = postSolution
		SolutionGuid = {8F1B5D0E-A75B-4D84-81B6-5C541C52B117}
	EndGlobalSection
EndGlobal
